
Microsoft Visual Studio Solution File, Format Version 12.00
# Visual Studio Version 17
VisualStudioVersion = 17.14.37203.1 d17.14
MinimumVisualStudioVersion = 10.0.40219.1
Project("{FAE04EC0-301F-11D3-BF4B-00C04F79EFBC}") = "GithubAzureFunction", "GithubAzureFunction\GithubAzureFunction.csproj", "{9CAB1C4E-AE66-4879-A44E-53B76DBE83ED}"
EndProject
Global
	GlobalSection(SolutionConfigurationPlatforms) = preSolution
		Debug|Any CPU = Debug|Any CPU
		Release|Any CPU = Release|Any CPU
	EndGlobalSection
	GlobalSection(ProjectConfigurationPlatforms) = postSolution
		{9CAB1C4E-AE66-4879-A44E-53B76DBE83ED}.Debug|Any CPU.ActiveCfg = Debug|Any CPU
		{9CAB1C4E-AE66-4879-A44E-53B76DBE83ED}.Debug|Any CPU.Build.0 = Debug|Any CPU
		{9CAB1C4E-AE66-4879-A44E-53B76DBE83ED}.Release|Any CPU.ActiveCfg = Release|Any CPU
		{9CAB1C4E-AE66-4879-A44E-53B76DBE83ED}.Release|Any CPU.Build.0 = Release|Any CPU
	EndGlobalSection
	GlobalSection(SolutionProperties) = preSolution
		HideSolutionNode = FALSE
	EndGlobalSection
	GlobalSection(ExtensibilityGlobals) = postSolution
		SolutionGuid = {45C61E5D-E13E-4D3A-94A0-34B2B60169B3}
	EndGlobalSection
EndGlobal
